
Microsoft Visual Studio Solution File, Format Version 11.00
# Visual Studio 2010
Project("{FAE04EC0-301F-11D3-BF4B-00C04F79EFBC}") = "QUnit4SharePoint", "QUnit4SharePoint.csproj", "{EA903BE7-107D-4D71-BB31-C3235757CBAF}"
EndProject
Global
	GlobalSection(SolutionConfigurationPlatforms) = preSolution
		Debug|Any CPU = Debug|Any CPU
		Release|Any CPU = Release|Any CPU
	EndGlobalSection
	GlobalSection(ProjectConfigurationPlatforms) = postSolution
		{EA903BE7-107D-4D71-BB31-C3235757CBAF}.Debug|Any CPU.ActiveCfg = Debug|Any CPU
		{EA903BE7-107D-4D71-BB31-C3235757CBAF}.Debug|Any CPU.Build.0 = Debug|Any CPU
		{EA903BE7-107D-4D71-BB31-C3235757CBAF}.Debug|Any CPU.Deploy.0 = Debug|Any CPU
		{EA903BE7-107D-4D71-BB31-C3235757CBAF}.Release|Any CPU.ActiveCfg = Release|Any CPU
		{EA903BE7-107D-4D71-BB31-C3235757CBAF}.Release|Any CPU.Build.0 = Release|Any CPU
		{EA903BE7-107D-4D71-BB31-C3235757CBAF}.Release|Any CPU.Deploy.0 = Release|Any CPU
	EndGlobalSection
	GlobalSection(SolutionProperties) = preSolution
		HideSolutionNode = FALSE
	EndGlobalSection
EndGlobal
